lockfileVersion: '9.0'

settings:
  autoInstallPeers: true
  excludeLinksFromLockfile: false

importers:

  .:
    devDependencies:
      '@types/web':
        specifier: ^0.0.345
        version: 0.0.345
      '@typescript/native-preview':
        specifier: 7.0.0-dev.20260405.1
        version: 7.0.0-dev.20260405.1

packages:

  '@types/web@0.0.345':
    resolution: {integrity: sha512-n98OqjEZfqMmPWAFU8oROj0wuzFKPLuirFgtTS34QxEGWurVSq+osFTOP1QWGoDK58uwjoV/E6IC1KY6I/QWKg==}

  '@typescript/native-preview-darwin-arm64@7.0.0-dev.20260405.1':
    resolution: {integrity: sha512-EQl2Qwq8WT9yl4RGG/yNmMutMPnASQwXcuN4bdmm1ycq2oFwogf+WBXUVCohjjNWtj1Xzn+J3qAO98LNATBrGw==}
    cpu: [arm64]
    os: [darwin]

  '@typescript/native-preview-darwin-x64@7.0.0-dev.20260405.1':
    resolution: {integrity: sha512-qphWh72S/ozZlCfTSl1yD0AbfYyXoNvPjE2kqIdyUxdkFysHTg/FFH8NH1g9F3cPEwI/zhnOFNm5Yul5EaRoHQ==}
    cpu: [x64]
    os: [darwin]

  '@typescript/native-preview-linux-arm64@7.0.0-dev.20260405.1':
    resolution: {integrity: sha512-mnKMNzYvdbBZ1t3SoNHChat63ckZbEPfxUS/n11UfIDf2g08fjm0wCmNLGGVYcIo3/jnaYG7KoiJv+92l/7vXg==}
    cpu: [arm64]
    os: [linux]

  '@typescript/native-preview-linux-arm@7.0.0-dev.20260405.1':
    resolution: {integrity: sha512-u3bplo4lL4sOLZSRND8lllFbnDSWlY61InGeJUXv9UTfJXxYxMdTGEQKETFV/WeRO4RsiBMvkad/tfhbBPQ8mw==}
    cpu: [arm]
    os: [linux]

  '@typescript/native-preview-linux-x64@7.0.0-dev.20260405.1':
    resolution: {integrity: sha512-wPehp7o7aCUYTUQlJ8oVLsoycmFDRcU6roIBZZhv7CN7TSkNRP7r9v6+42U6ztaFCjkkh8QVVS7ysQ5bYoCiRg==}
    cpu: [x64]
    os: [linux]

  '@typescript/native-preview-win32-arm64@7.0.0-dev.20260405.1':
    resolution: {integrity: sha512-7QZm+1x5p1GO4yNYcp8jqt32ysfd+UwtQ9Zg1nl9Wl9iN/DSNV0HcGR4KHRSUAmHCg4dSq/snLpbEKUvfK0AdQ==}
    cpu: [arm64]
    os: [win32]

  '@typescript/native-preview-win32-x64@7.0.0-dev.20260405.1':
    resolution: {integrity: sha512-M9Ypkq8cj2hut16fNljg+UaIKw0+bjLoIf7qoaUJYDUFx7tMcRx79Iy54ETAZl63mT8I8rlJKXZjnOvLUwOFcg==}
    cpu: [x64]
    os: [win32]

  '@typescript/native-preview@7.0.0-dev.20260405.1':
    resolution: {integrity: sha512-xm/9KOHSVXeTBY/zpqAt2TK8oMwobXVadlKmqsMg4Gr46FrSGMPXJEZ5209DlYfLBAa6+8nIJjKQfrtbl+X2OQ==}
    hasBin: true

snapshots:

  '@types/web@0.0.345': {}

  '@typescript/native-preview-darwin-arm64@7.0.0-dev.20260405.1':
    optional: true

  '@typescript/native-preview-darwin-x64@7.0.0-dev.20260405.1':
    optional: true

  '@typescript/native-preview-linux-arm64@7.0.0-dev.20260405.1':
    optional: true

  '@typescript/native-preview-linux-arm@7.0.0-dev.20260405.1':
    optional: true

  '@typescript/native-preview-linux-x64@7.0.0-dev.20260405.1':
    optional: true

  '@typescript/native-preview-win32-arm64@7.0.0-dev.20260405.1':
    optional: true

  '@typescript/native-preview-win32-x64@7.0.0-dev.20260405.1':
    optional: true

  '@typescript/native-preview@7.0.0-dev.20260405.1':
    optionalDependencies:
      '@typescript/native-preview-darwin-arm64': 7.0.0-dev.20260405.1
      '@typescript/native-preview-darwin-x64': 7.0.0-dev.20260405.1
      '@typescript/native-preview-linux-arm': 7.0.0-dev.20260405.1
      '@typescript/native-preview-linux-arm64': 7.0.0-dev.20260405.1
      '@typescript/native-preview-linux-x64': 7.0.0-dev.20260405.1
      '@typescript/native-preview-win32-arm64': 7.0.0-dev.20260405.1
      '@typescript/native-preview-win32-x64': 7.0.0-dev.20260405.1
