lockfileVersion: '9.0'

settings:
  autoInstallPeers: true
  excludeLinksFromLockfile: false

importers:

  .:
    devDependencies:
      '@oxc-project/types':
        specifier: ^0.123.0
        version: 0.123.0
      '@types/web':
        specifier: ^0.0.345
        version: 0.0.345
      '@typescript/native-preview':
        specifier: 7.0.0-dev.20260405.1
        version: 7.0.0-dev.20260405.1
      esrap:
        specifier: ^2.2.4
        version: 2.2.4
      happy-dom:
        specifier: ^20.8.9
        version: 20.8.9
      oxc-parser:
        specifier: ^0.123.0
        version: 0.123.0(@emnapi/core@1.9.2)(@emnapi/runtime@1.9.2)

packages:

  '@emnapi/core@1.9.2':
    resolution: {integrity: sha512-UC+ZhH3XtczQYfOlu3lNEkdW/p4dsJ1r/bP7H8+rhao3TTTMO1ATq/4DdIi23XuGoFY+Cz0JmCbdVl0hz9jZcA==}

  '@emnapi/runtime@1.9.2':
    resolution: {integrity: sha512-3U4+MIWHImeyu1wnmVygh5WlgfYDtyf0k8AbLhMFxOipihf6nrWC4syIm/SwEeec0mNSafiiNnMJwbza/Is6Lw==}

  '@emnapi/wasi-threads@1.2.1':
    resolution: {integrity: sha512-uTII7OYF+/Mes/MrcIOYp5yOtSMLBWSIoLPpcgwipoiKbli6k322tcoFsxoIIxPDqW01SQGAgko4EzZi2BNv2w==}

  '@jridgewell/sourcemap-codec@1.5.5':
    resolution: {integrity: sha512-cYQ9310grqxueWbl+WuIUIaiUaDcj7WOq5fVhEljNVgRfOUhY9fy2zTvfoqWsnebh8Sl70VScFbICvJnLKB0Og==}

  '@napi-rs/wasm-runtime@1.1.2':
    resolution: {integrity: sha512-sNXv5oLJ7ob93xkZ1XnxisYhGYXfaG9f65/ZgYuAu3qt7b3NadcOEhLvx28hv31PgX8SZJRYrAIPQilQmFpLVw==}
    peerDependencies:
      '@emnapi/core': ^1.7.1
      '@emnapi/runtime': ^1.7.1

  '@oxc-parser/binding-android-arm-eabi@0.123.0':
    resolution: {integrity: sha512-EHQ58z+6DbZWokMOKg5AB1KuwrXVgfbBLuuLFfzdc7bI5A4igvdvjKMhUv1VBV+0FABiUCOjNKUmMF7ugprwbQ==}
    engines: {node: ^20.19.0 || >=22.12.0}
    cpu: [arm]
    os: [android]

  '@oxc-parser/binding-android-arm64@0.123.0':
    resolution: {integrity: sha512-BK1E0zqNoHf38nTHjnGZ+olKHSKNHh65pChjY06yhaWYP8X7yNDqhQDA4neMPRqnPBgpN4/OW1oSMrdJgDi2aw==}
    engines: {node: ^20.19.0 || >=22.12.0}
    cpu: [arm64]
    os: [android]

  '@oxc-parser/binding-darwin-arm64@0.123.0':
    resolution: {integrity: sha512-dkMPbtTbqU+cm+k4YGOBs4zAuq3Xu+wqjbGQvLAuVO7qHhNY4p5LBNudOmOoi0jxS8h1W6Jmlzv8MAKGpK+iDg==}
    engines: {node: ^20.19.0 || >=22.12.0}
    cpu: [arm64]
    os: [darwin]

  '@oxc-parser/binding-darwin-x64@0.123.0':
    resolution: {integrity: sha512-85pic0rCd59DGdM69jI9xE/Snb2KtrfiU48QigjJXjzxUOenGvH4SAFIjFpO/2ZnI3Kz50D8pht4jKN3t2022Q==}
    engines: {node: ^20.19.0 || >=22.12.0}
    cpu: [x64]
    os: [darwin]

  '@oxc-parser/binding-freebsd-x64@0.123.0':
    resolution: {integrity: sha512-mjEiW6z7JtaiHMK/8aJic1lfjkKpzFwK2XFNmm187BFbtDamjGVuKNr2TEyrFEYJyZc217wokR1wrYeZGBQo4Q==}
    engines: {node: ^20.19.0 || >=22.12.0}
    cpu: [x64]
    os: [freebsd]

  '@oxc-parser/binding-linux-arm-gnueabihf@0.123.0':
    resolution: {integrity: sha512-mYxigPtGt6SZfhNZBIJfuDM92cLo8XUW08WuKxzHvcmWu6xndLqwLp99Vg4uHke1AXicQEHU3Wri2X9bHF0Vlw==}
    engines: {node: ^20.19.0 || >=22.12.0}
    cpu: [arm]
    os: [linux]

  '@oxc-parser/binding-linux-arm-musleabihf@0.123.0':
    resolution: {integrity: sha512-ttWirDC9eUBn0R4Tzz3aeDaLrx9drPdNiLJ8MXeDBFxd6cwLfTIC27qjsdfGpn942tkVIZY3sjWAnvbwDDjX7g==}
    engines: {node: ^20.19.0 || >=22.12.0}
    cpu: [arm]
    os: [linux]

  '@oxc-parser/binding-linux-arm64-gnu@0.123.0':
    resolution: {integrity: sha512-apAHyoMNRYT+2G98Y14caZmsr5LD9PsWpGI7nXmSwK26LGiQneCU6HvHQ+d+AX+RJ5TTWZtEb2RD7OLqAC0cYQ==}
    engines: {node: ^20.19.0 || >=22.12.0}
    cpu: [arm64]
    os: [linux]

  '@oxc-parser/binding-linux-arm64-musl@0.123.0':
    resolution: {integrity: sha512-3r99Qa4egjO/iXUBxTlN6Ddt1YkLifG6olzvj8gkoKEK2U/MOW7mQfXRyBmuoMgmZ7O4vk41gO3d21c6VcN3yQ==}
    engines: {node: ^20.19.0 || >=22.12.0}
    cpu: [arm64]
    os: [linux]

  '@oxc-parser/binding-linux-ppc64-gnu@0.123.0':
    resolution: {integrity: sha512-Hr/Z24kUE4pjJs346g80WDwjyJGrxiw6hExJuOiME/76ZFz68y5L11UzprRkW9FN4HxBB7tLZ/fytczV2fEsiA==}
    engines: {node: ^20.19.0 || >=22.12.0}
    cpu: [ppc64]
    os: [linux]

  '@oxc-parser/binding-linux-riscv64-gnu@0.123.0':
    resolution: {integrity: sha512-sxjbhs+8WXeuoLnZ2rBmQ96gPdq3SCmz24reIltsKLUt1EDMgdaQsr7RqwBphw3QAImkMtlPQfAWDWwZyo0xDg==}
    engines: {node: ^20.19.0 || >=22.12.0}
    cpu: [riscv64]
    os: [linux]

  '@oxc-parser/binding-linux-riscv64-musl@0.123.0':
    resolution: {integrity: sha512-d6xHHhqldA/W+VC7v8uHs24zM69Ad3HnHQ45h+uuBhCsbZx3d0E0wL2K3uJ5mYKTR6UPMFk9VMXcHWwvg1PRZQ==}
    engines: {node: ^20.19.0 || >=22.12.0}
    cpu: [riscv64]
    os: [linux]

  '@oxc-parser/binding-linux-s390x-gnu@0.123.0':
    resolution: {integrity: sha512-+di9A5wJQlv0VodyhADjJ2rC4geyHY+uhJDl3TFjMgYhhlgLZchi9uHD5mfiUEDWHt1x7/eU2u1ge3LLazZmFw==}
    engines: {node: ^20.19.0 || >=22.12.0}
    cpu: [s390x]
    os: [linux]

  '@oxc-parser/binding-linux-x64-gnu@0.123.0':
    resolution: {integrity: sha512-sh7pw2g/u6LE1TaRRQsV9Kv9+1y+CywaaNwWWP+3bnEPk/L692oTG0hmEviUlawI8v3OGC+AhbjtAD+HXWQAkg==}
    engines: {node: ^20.19.0 || >=22.12.0}
    cpu: [x64]
    os: [linux]

  '@oxc-parser/binding-linux-x64-musl@0.123.0':
    resolution: {integrity: sha512-S+LoD8PiJ639JwIqK1knIeqAyYkeCbLHtAgfapszKX0yVCaYP+aer8dJxL25de9qcDjvYWVrYCkuDZzHmOl2Xw==}
    engines: {node: ^20.19.0 || >=22.12.0}
    cpu: [x64]
    os: [linux]

  '@oxc-parser/binding-openharmony-arm64@0.123.0':
    resolution: {integrity: sha512-/65vryK11q1I+k+7ukDlwZOxUFCLYsoZBZPGZHyet5bIP5e3D8mV3uCuvpWZ9Hoe6vUZFw/nAfCrX59MeuJPgw==}
    engines: {node: ^20.19.0 || >=22.12.0}
    cpu: [arm64]
    os: [openharmony]

  '@oxc-parser/binding-wasm32-wasi@0.123.0':
    resolution: {integrity: sha512-y4OsMGQiAbZzj2Rq0LEfvhR48rQDvbvqsl/dPdn4tdf+z3H79nZuR+lQ/+KUGjD30vpVGem138sBWHFj9UR+Vg==}
    engines: {node: '>=14.0.0'}
    cpu: [wasm32]

  '@oxc-parser/binding-win32-arm64-msvc@0.123.0':
    resolution: {integrity: sha512-9lBqI6AXAkjYavkdpizNU3Q51uoVYfp9FJPx19hnCEdPku1jSgzSnvgmCvhCue0GziIvIvIdWgZ41wXQ3EOoBw==}
    engines: {node: ^20.19.0 || >=22.12.0}
    cpu: [arm64]
    os: [win32]

  '@oxc-parser/binding-win32-ia32-msvc@0.123.0':
    resolution: {integrity: sha512-zJbqBHwSUB7CyvAONy9ewGtQwcQj+ylOhYGETvUPp3KIYx7lolj4Gayof7iA22SU5eMSjO5COL0c8wYhmn9agA==}
    engines: {node: ^20.19.0 || >=22.12.0}
    cpu: [ia32]
    os: [win32]

  '@oxc-parser/binding-win32-x64-msvc@0.123.0':
    resolution: {integrity: sha512-q7RZvglQvGo3RX5ljtcGSabu2B2c0oDU/6xC3sBMhsV5KRo0PvyxLdordbEN31NTfuZu4Sgl86C76cAURZIHWA==}
    engines: {node: ^20.19.0 || >=22.12.0}
    cpu: [x64]
    os: [win32]

  '@oxc-project/types@0.123.0':
    resolution: {integrity: sha512-YtECP/y8Mj1lSHiUWGSRzy/C6teUKlS87dEfuVKT09LgQbUsBW1rNg+MiJ4buGu3yuADV60gbIvo9/HplA56Ew==}

  '@tybys/wasm-util@0.10.1':
    resolution: {integrity: sha512-9tTaPJLSiejZKx+Bmog4uSubteqTvFrVrURwkmHixBo0G4seD0zUxp98E1DzUBJxLQ3NPwXrGKDiVjwx/DpPsg==}

  '@types/node@25.5.2':
    resolution: {integrity: sha512-tO4ZIRKNC+MDWV4qKVZe3Ql/woTnmHDr5JD8UI5hn2pwBrHEwOEMZK7WlNb5RKB6EoJ02gwmQS9OrjuFnZYdpg==}

  '@types/web@0.0.345':
    resolution: {integrity: sha512-n98OqjEZfqMmPWAFU8oROj0wuzFKPLuirFgtTS34QxEGWurVSq+osFTOP1QWGoDK58uwjoV/E6IC1KY6I/QWKg==}

  '@types/whatwg-mimetype@3.0.2':
    resolution: {integrity: sha512-c2AKvDT8ToxLIOUlN51gTiHXflsfIFisS4pO7pDPoKouJCESkhZnEy623gwP9laCy5lnLDAw1vAzu2vM2YLOrA==}

  '@types/ws@8.18.1':
    resolution: {integrity: sha512-ThVF6DCVhA8kUGy+aazFQ4kXQ7E1Ty7A3ypFOe0IcJV8O/M511G99AW24irKrW56Wt44yG9+ij8FaqoBGkuBXg==}

  '@typescript-eslint/types@8.58.0':
    resolution: {integrity: sha512-O9CjxypDT89fbHxRfETNoAnHj/i6IpRK0CvbVN3qibxlLdo5p5hcLmUuCCrHMpxiWSwKyI8mCP7qRNYuOJ0Uww==}
    engines: {node: ^18.18.0 || ^20.9.0 || >=21.1.0}

  '@typescript/native-preview-darwin-arm64@7.0.0-dev.20260405.1':
    resolution: {integrity: sha512-EQl2Qwq8WT9yl4RGG/yNmMutMPnASQwXcuN4bdmm1ycq2oFwogf+WBXUVCohjjNWtj1Xzn+J3qAO98LNATBrGw==}
    cpu: [arm64]
    os: [darwin]

  '@typescript/native-preview-darwin-x64@7.0.0-dev.20260405.1':
    resolution: {integrity: sha512-qphWh72S/ozZlCfTSl1yD0AbfYyXoNvPjE2kqIdyUxdkFysHTg/FFH8NH1g9F3cPEwI/zhnOFNm5Yul5EaRoHQ==}
    cpu: [x64]
    os: [darwin]

  '@typescript/native-preview-linux-arm64@7.0.0-dev.20260405.1':
    resolution: {integrity: sha512-mnKMNzYvdbBZ1t3SoNHChat63ckZbEPfxUS/n11UfIDf2g08fjm0wCmNLGGVYcIo3/jnaYG7KoiJv+92l/7vXg==}
    cpu: [arm64]
    os: [linux]

  '@typescript/native-preview-linux-arm@7.0.0-dev.20260405.1':
    resolution: {integrity: sha512-u3bplo4lL4sOLZSRND8lllFbnDSWlY61InGeJUXv9UTfJXxYxMdTGEQKETFV/WeRO4RsiBMvkad/tfhbBPQ8mw==}
    cpu: [arm]
    os: [linux]

  '@typescript/native-preview-linux-x64@7.0.0-dev.20260405.1':
    resolution: {integrity: sha512-wPehp7o7aCUYTUQlJ8oVLsoycmFDRcU6roIBZZhv7CN7TSkNRP7r9v6+42U6ztaFCjkkh8QVVS7ysQ5bYoCiRg==}
    cpu: [x64]
    os: [linux]

  '@typescript/native-preview-win32-arm64@7.0.0-dev.20260405.1':
    resolution: {integrity: sha512-7QZm+1x5p1GO4yNYcp8jqt32ysfd+UwtQ9Zg1nl9Wl9iN/DSNV0HcGR4KHRSUAmHCg4dSq/snLpbEKUvfK0AdQ==}
    cpu: [arm64]
    os: [win32]

  '@typescript/native-preview-win32-x64@7.0.0-dev.20260405.1':
    resolution: {integrity: sha512-M9Ypkq8cj2hut16fNljg+UaIKw0+bjLoIf7qoaUJYDUFx7tMcRx79Iy54ETAZl63mT8I8rlJKXZjnOvLUwOFcg==}
    cpu: [x64]
    os: [win32]

  '@typescript/native-preview@7.0.0-dev.20260405.1':
    resolution: {integrity: sha512-xm/9KOHSVXeTBY/zpqAt2TK8oMwobXVadlKmqsMg4Gr46FrSGMPXJEZ5209DlYfLBAa6+8nIJjKQfrtbl+X2OQ==}
    hasBin: true

  entities@7.0.1:
    resolution: {integrity: sha512-TWrgLOFUQTH994YUyl1yT4uyavY5nNB5muff+RtWaqNVCAK408b5ZnnbNAUEWLTCpum9w6arT70i1XdQ4UeOPA==}
    engines: {node: '>=0.12'}

  esrap@2.2.4:
    resolution: {integrity: sha512-suICpxAmZ9A8bzJjEl/+rLJiDKC0X4gYWUxT6URAWBLvlXmtbZd5ySMu/N2ZGEtMCAmflUDPSehrP9BQcsGcSg==}

  happy-dom@20.8.9:
    resolution: {integrity: sha512-Tz23LR9T9jOGVZm2x1EPdXqwA37G/owYMxRwU0E4miurAtFsPMQ1d2Jc2okUaSjZqAFz2oEn3FLXC5a0a+siyA==}
    engines: {node: '>=20.0.0'}

  oxc-parser@0.123.0:
    resolution: {integrity: sha512-F6ak0tFc01ZGbl5KxvLDQ2K005Z086mp3ByCQBDhUjqXLkapGUkMuJSsYixncdEpkLlcRDcruHR71LD339ADUA==}
    engines: {node: ^20.19.0 || >=22.12.0}

  tslib@2.8.1:
    resolution: {integrity: sha512-oJFu94HQb+KVduSUQL7wnpmqnfmLsOA/nAh6b6EH0wCEoK0/mPeXU6c3wKDV83MkOuHPRHtSXKKU99IBazS/2w==}

  undici-types@7.18.2:
    resolution: {integrity: sha512-AsuCzffGHJybSaRrmr5eHr81mwJU3kjw6M+uprWvCXiNeN9SOGwQ3Jn8jb8m3Z6izVgknn1R0FTCEAP2QrLY/w==}

  whatwg-mimetype@3.0.0:
    resolution: {integrity: sha512-nt+N2dzIutVRxARx1nghPKGv1xHikU7HKdfafKkLNLindmPU/ch3U31NOCGGA/dmPcmb1VlofO0vnKAcsm0o/Q==}
    engines: {node: '>=12'}

  ws@8.20.0:
    resolution: {integrity: sha512-sAt8BhgNbzCtgGbt2OxmpuryO63ZoDk/sqaB/znQm94T4fCEsy/yV+7CdC1kJhOU9lboAEU7R3kquuycDoibVA==}
    engines: {node: '>=10.0.0'}
    peerDependencies:
      bufferutil: ^4.0.1
      utf-8-validate: '>=5.0.2'
    peerDependenciesMeta:
      bufferutil:
        optional: true
      utf-8-validate:
        optional: true

snapshots:

  '@emnapi/core@1.9.2':
    dependencies:
      '@emnapi/wasi-threads': 1.2.1
      tslib: 2.8.1
    optional: true

  '@emnapi/runtime@1.9.2':
    dependencies:
      tslib: 2.8.1
    optional: true

  '@emnapi/wasi-threads@1.2.1':
    dependencies:
      tslib: 2.8.1
    optional: true

  '@jridgewell/sourcemap-codec@1.5.5': {}

  '@napi-rs/wasm-runtime@1.1.2(@emnapi/core@1.9.2)(@emnapi/runtime@1.9.2)':
    dependencies:
      '@emnapi/core': 1.9.2
      '@emnapi/runtime': 1.9.2
      '@tybys/wasm-util': 0.10.1
    optional: true

  '@oxc-parser/binding-android-arm-eabi@0.123.0':
    optional: true

  '@oxc-parser/binding-android-arm64@0.123.0':
    optional: true

  '@oxc-parser/binding-darwin-arm64@0.123.0':
    optional: true

  '@oxc-parser/binding-darwin-x64@0.123.0':
    optional: true

  '@oxc-parser/binding-freebsd-x64@0.123.0':
    optional: true

  '@oxc-parser/binding-linux-arm-gnueabihf@0.123.0':
    optional: true

  '@oxc-parser/binding-linux-arm-musleabihf@0.123.0':
    optional: true

  '@oxc-parser/binding-linux-arm64-gnu@0.123.0':
    optional: true

  '@oxc-parser/binding-linux-arm64-musl@0.123.0':
    optional: true

  '@oxc-parser/binding-linux-ppc64-gnu@0.123.0':
    optional: true

  '@oxc-parser/binding-linux-riscv64-gnu@0.123.0':
    optional: true

  '@oxc-parser/binding-linux-riscv64-musl@0.123.0':
    optional: true

  '@oxc-parser/binding-linux-s390x-gnu@0.123.0':
    optional: true

  '@oxc-parser/binding-linux-x64-gnu@0.123.0':
    optional: true

  '@oxc-parser/binding-linux-x64-musl@0.123.0':
    optional: true

  '@oxc-parser/binding-openharmony-arm64@0.123.0':
    optional: true

  '@oxc-parser/binding-wasm32-wasi@0.123.0(@emnapi/core@1.9.2)(@emnapi/runtime@1.9.2)':
    dependencies:
      '@napi-rs/wasm-runtime': 1.1.2(@emnapi/core@1.9.2)(@emnapi/runtime@1.9.2)
    transitivePeerDependencies:
      - '@emnapi/core'
      - '@emnapi/runtime'
    optional: true

  '@oxc-parser/binding-win32-arm64-msvc@0.123.0':
    optional: true

  '@oxc-parser/binding-win32-ia32-msvc@0.123.0':
    optional: true

  '@oxc-parser/binding-win32-x64-msvc@0.123.0':
    optional: true

  '@oxc-project/types@0.123.0': {}

  '@tybys/wasm-util@0.10.1':
    dependencies:
      tslib: 2.8.1
    optional: true

  '@types/node@25.5.2':
    dependencies:
      undici-types: 7.18.2

  '@types/web@0.0.345': {}

  '@types/whatwg-mimetype@3.0.2': {}

  '@types/ws@8.18.1':
    dependencies:
      '@types/node': 25.5.2

  '@typescript-eslint/types@8.58.0': {}

  '@typescript/native-preview-darwin-arm64@7.0.0-dev.20260405.1':
    optional: true

  '@typescript/native-preview-darwin-x64@7.0.0-dev.20260405.1':
    optional: true

  '@typescript/native-preview-linux-arm64@7.0.0-dev.20260405.1':
    optional: true

  '@typescript/native-preview-linux-arm@7.0.0-dev.20260405.1':
    optional: true

  '@typescript/native-preview-linux-x64@7.0.0-dev.20260405.1':
    optional: true

  '@typescript/native-preview-win32-arm64@7.0.0-dev.20260405.1':
    optional: true

  '@typescript/native-preview-win32-x64@7.0.0-dev.20260405.1':
    optional: true

  '@typescript/native-preview@7.0.0-dev.20260405.1':
    optionalDependencies:
      '@typescript/native-preview-darwin-arm64': 7.0.0-dev.20260405.1
      '@typescript/native-preview-darwin-x64': 7.0.0-dev.20260405.1
      '@typescript/native-preview-linux-arm': 7.0.0-dev.20260405.1
      '@typescript/native-preview-linux-arm64': 7.0.0-dev.20260405.1
      '@typescript/native-preview-linux-x64': 7.0.0-dev.20260405.1
      '@typescript/native-preview-win32-arm64': 7.0.0-dev.20260405.1
      '@typescript/native-preview-win32-x64': 7.0.0-dev.20260405.1

  entities@7.0.1: {}

  esrap@2.2.4:
    dependencies:
      '@jridgewell/sourcemap-codec': 1.5.5
      '@typescript-eslint/types': 8.58.0

  happy-dom@20.8.9:
    dependencies:
      '@types/node': 25.5.2
      '@types/whatwg-mimetype': 3.0.2
      '@types/ws': 8.18.1
      entities: 7.0.1
      whatwg-mimetype: 3.0.0
      ws: 8.20.0
    transitivePeerDependencies:
      - bufferutil
      - utf-8-validate

  oxc-parser@0.123.0(@emnapi/core@1.9.2)(@emnapi/runtime@1.9.2):
    dependencies:
      '@oxc-project/types': 0.123.0
    optionalDependencies:
      '@oxc-parser/binding-android-arm-eabi': 0.123.0
      '@oxc-parser/binding-android-arm64': 0.123.0
      '@oxc-parser/binding-darwin-arm64': 0.123.0
      '@oxc-parser/binding-darwin-x64': 0.123.0
      '@oxc-parser/binding-freebsd-x64': 0.123.0
      '@oxc-parser/binding-linux-arm-gnueabihf': 0.123.0
      '@oxc-parser/binding-linux-arm-musleabihf': 0.123.0
      '@oxc-parser/binding-linux-arm64-gnu': 0.123.0
      '@oxc-parser/binding-linux-arm64-musl': 0.123.0
      '@oxc-parser/binding-linux-ppc64-gnu': 0.123.0
      '@oxc-parser/binding-linux-riscv64-gnu': 0.123.0
      '@oxc-parser/binding-linux-riscv64-musl': 0.123.0
      '@oxc-parser/binding-linux-s390x-gnu': 0.123.0
      '@oxc-parser/binding-linux-x64-gnu': 0.123.0
      '@oxc-parser/binding-linux-x64-musl': 0.123.0
      '@oxc-parser/binding-openharmony-arm64': 0.123.0
      '@oxc-parser/binding-wasm32-wasi': 0.123.0(@emnapi/core@1.9.2)(@emnapi/runtime@1.9.2)
      '@oxc-parser/binding-win32-arm64-msvc': 0.123.0
      '@oxc-parser/binding-win32-ia32-msvc': 0.123.0
      '@oxc-parser/binding-win32-x64-msvc': 0.123.0
    transitivePeerDependencies:
      - '@emnapi/core'
      - '@emnapi/runtime'

  tslib@2.8.1:
    optional: true

  undici-types@7.18.2: {}

  whatwg-mimetype@3.0.0: {}

  ws@8.20.0: {}
